
Microsoft Visual Studio Solution File, Format Version 12.00
# Visual Studio Version 17
VisualStudioVersion = 17.6.33801.468
MinimumVisualStudioVersion = 10.0.40219.1
Project("{FAE04EC0-301F-11D3-BF4B-00C04F79EFBC}") = "Project1", "Project1\Project1.csproj", "{187D6ADD-7B5D-4176-ABF4-F38A3E87BC53}"
EndProject
Global
	GlobalSection(SolutionConfigurationPlatforms) = preSolution
		Debug|Any CPU = Debug|Any CPU
		Release|Any CPU = Release|Any CPU
	EndGlobalSection
	GlobalSection(ProjectConfigurationPlatforms) = postSolution
		{187D6ADD-7B5D-4176-ABF4-F38A3E87BC53}.Debug|Any CPU.ActiveCfg = Debug|Any CPU
		{187D6ADD-7B5D-4176-ABF4-F38A3E87BC53}.Debug|Any CPU.Build.0 = Debug|Any CPU
		{187D6ADD-7B5D-4176-ABF4-F38A3E87BC53}.Release|Any CPU.ActiveCfg = Release|Any CPU
		{187D6ADD-7B5D-4176-ABF4-F38A3E87BC53}.Release|Any CPU.Build.0 = Release|Any CPU
	EndGlobalSection
	GlobalSection(SolutionProperties) = preSolution
		HideSolutionNode = FALSE
	EndGlobalSection
	GlobalSection(ExtensibilityGlobals) = postSolution
		SolutionGuid = {C88FF015-E5C8-49EA-B55D-482B5E1AEB6B}
	EndGlobalSection
EndGlobal
