
Microsoft Visual Studio Solution File, Format Version 12.00
# Visual Studio Version 17
VisualStudioVersion = 17.6.33801.468
MinimumVisualStudioVersion = 10.0.40219.1
Project("{FAE04EC0-301F-11D3-BF4B-00C04F79EFBC}") = "ques4", "ques4\ques4.csproj", "{0B993C0D-A64A-4614-8DBB-EA5AC3804079}"
EndProject
Global
	GlobalSection(SolutionConfigurationPlatforms) = preSolution
		Debug|Any CPU = Debug|Any CPU
		Release|Any CPU = Release|Any CPU
	EndGlobalSection
	GlobalSection(ProjectConfigurationPlatforms) = postSolution
		{0B993C0D-A64A-4614-8DBB-EA5AC3804079}.Debug|Any CPU.ActiveCfg = Debug|Any CPU
		{0B993C0D-A64A-4614-8DBB-EA5AC3804079}.Debug|Any CPU.Build.0 = Debug|Any CPU
		{0B993C0D-A64A-4614-8DBB-EA5AC3804079}.Release|Any CPU.ActiveCfg = Release|Any CPU
		{0B993C0D-A64A-4614-8DBB-EA5AC3804079}.Release|Any CPU.Build.0 = Release|Any CPU
	EndGlobalSection
	GlobalSection(SolutionProperties) = preSolution
		HideSolutionNode = FALSE
	EndGlobalSection
	GlobalSection(ExtensibilityGlobals) = postSolution
		SolutionGuid = {B0587BFD-EF35-445B-9A96-B14DE7736C9F}
	EndGlobalSection
EndGlobal
